// !$*UTF8*$!
{
	archiveVersion = 1;
	classes = {
	};
	objectVersion = 56;
	objects = {

/* Begin PBXBuildFile section */
		B092B0892B2884980073E2C8 /* mindplannerApp.swift in Sources */ = {isa = PBXBuildFile; fileRef = B092B0882B2884980073E2C8 /* mindplannerApp.swift */; };
		B092B08B2B2884980073E2C8 /* ContentView.swift in Sources */ = {isa = PBXBuildFile; fileRef = B092B08A2B2884980073E2C8 /* ContentView.swift */; };
		B092B08D2B28849A0073E2C8 /* Assets.xcassets in Resources */ = {isa = PBXBuildFile; fileRef = B092B08C2B28849A0073E2C8 /* Assets.xcassets */; };
		B092B0902B28849A0073E2C8 /* Preview Assets.xcassets in Resources */ = {isa = PBXBuildFile; fileRef = B092B08F2B28849A0073E2C8 /* Preview Assets.xcassets */; };
		B092B09A2B28849A0073E2C8 /* mindplannerTests.swift in Sources */ = {isa = PBXBuildFile; fileRef = B092B0992B28849A0073E2C8 /* mindplannerTests.swift */; };
		B092B0A42B28849A0073E2C8 /* mindplannerUITests.swift in Sources */ = {isa = PBXBuildFile; fileRef = B092B0A32B28849A0073E2C8 /* mindplannerUITests.swift */; };
		B092B0A62B28849A0073E2C8 /* mindplannerUITestsLaunchTests.swift in Sources */ = {isa = PBXBuildFile; fileRef = B092B0A52B28849A0073E2C8 /* mindplannerUITestsLaunchTests.swift */; };
		B092B0B32B28852C0073E2C8 /* calendarmain.swift in Sources */ = {isa = PBXBuildFile; fileRef = B092B0B22B28852C0073E2C8 /* calendarmain.swift */; };
/* End PBXBuildFile section */

/* Begin PBXContainerItemProxy section */
		B092B0962B28849A0073E2C8 /* PBXContainerItemProxy */ = {
			isa = PBXContainerItemProxy;
			containerPortal = B092B07D2B2884980073E2C8 /* Project object */;
			proxyType = 1;
			remoteGlobalIDString = B092B0842B2884980073E2C8;
			remoteInfo = mindplanner;
		};
		B092B0A02B28849A0073E2C8 /* PBXContainerItemProxy */ = {
			isa = PBXContainerItemProxy;
			containerPortal = B092B07D2B2884980073E2C8 /* Project object */;
			proxyType = 1;
			remoteGlobalIDString = B092B0842B2884980073E2C8;
			remoteInfo = mindplanner;
		};
/* End PBXContainerItemProxy section */

/* Begin PBXFileReference section */
		B092B0852B2884980073E2C8 /* mindplanner.app */ = {isa = PBXFileReference; explicitFileType = wrapper.application; includeInIndex = 0; path = mindplanner.app; sourceTree = BUILT_PRODUCTS_DIR; };
		B092B0882B2884980073E2C8 /* mindplannerApp.swift */ = {isa = PBXFileReference; lastKnownFileType = sourcecode.swift; path = mindplannerApp.swift; sourceTree = "<group>"; };
		B092B08A2B2884980073E2C8 /* ContentView.swift */ = {isa = PBXFileReference; lastKnownFileType = sourcecode.swift; path = ContentView.swift; sourceTree = "<group>"; };
		B092B08C2B28849A0073E2C8 /* Assets.xcassets */ = {isa = PBXFileReference; lastKnownFileType = folder.assetcatalog; path = Assets.xcassets; sourceTree = "<group>"; };
		B092B08F2B28849A0073E2C8 /* Preview Assets.xcassets */ = {isa = PBXFileReference; lastKnownFileType = folder.assetcatalog; path = "Preview Assets.xcassets"; sourceTree = "<group>"; };
		B092B0952B28849A0073E2C8 /* mindplannerTests.xctest */ = {isa = PBXFileReference; explicitFileType = wrapper.cfbundle; includeInIndex = 0; path = mindplannerTests.xctest; sourceTree = BUILT_PRODUCTS_DIR; };
		B092B0992B28849A0073E2C8 /* mindplannerTests.swift */ = {isa = PBXFileReference; lastKnownFileType = sourcecode.swift; path = mindplannerTests.swift; sourceTree = "<group>"; };
		B092B09F2B28849A0073E2C8 /* mindplannerUITests.xctest */ = {isa = PBXFileReference; explicitFileType = wrapper.cfbundle; includeInIndex = 0; path = mindplannerUITests.xctest; sourceTree = BUILT_PRODUCTS_DIR; };
		B092B0A32B28849A0073E2C8 /* mindplannerUITests.swift */ = {isa = PBXFileReference; lastKnownFileType = sourcecode.swift; path = mindplannerUITests.swift; sourceTree = "<group>"; };
		B092B0A52B28849A0073E2C8 /* mindplannerUITestsLaunchTests.swift */ = {isa = PBXFileReference; lastKnownFileType = sourcecode.swift; path = mindplannerUITestsLaunchTests.swift; sourceTree = "<group>"; };
		B092B0B22B28852C0073E2C8 /* calendarmain.swift */ = {isa = PBXFileReference; lastKnownFileType = sourcecode.swift; path = calendarmain.swift; sourceTree = "<group>"; };
/* End PBXFileReference section */

/* Begin PBXFrameworksBuildPhase section */
		B092B0822B2884980073E2C8 /* Frameworks */ = {
			isa = PBXFrameworksBuildPhase;
			buildActionMask = 2147483647;
			files = (
			);
			runOnlyForDeploymentPostprocessing = 0;
		};
		B092B0922B28849A0073E2C8 /* Frameworks */ = {
			isa = PBXFrameworksBuildPhase;
			buildActionMask = 2147483647;
			files = (
			);
			runOnlyForDeploymentPostprocessing = 0;
		};
		B092B09C2B28849A0073E2C8 /* Frameworks */ = {
			isa = PBXFrameworksBuildPhase;
			buildActionMask = 2147483647;
			files = (
			);
			runOnlyForDeploymentPostprocessing = 0;
		};
/* End PBXFrameworksBuildPhase section */

/* Begin PBXGroup section */
		B092B07C2B2884980073E2C8 = {
			isa = PBXGroup;
			children = (
				B092B0872B2884980073E2C8 /* mindplanner */,
				B092B0982B28849A0073E2C8 /* mindplannerTests */,
				B092B0A22B28849A0073E2C8 /* mindplannerUITests */,
				B092B0862B2884980073E2C8 /* Products */,
			);
			sourceTree = "<group>";
		};
		B092B0862B2884980073E2C8 /* Products */ = {
			isa = PBXGroup;
			children = (
				B092B0852B2884980073E2C8 /* mindplanner.app */,
				B092B0952B28849A0073E2C8 /* mindplannerTests.xctest */,
				B092B09F2B28849A0073E2C8 /* mindplannerUITests.xctest */,
			);
			name = Products;
			sourceTree = "<group>";
		};
		B092B0872B2884980073E2C8 /* mindplanner */ = {
			isa = PBXGroup;
			children = (
				B092B0882B2884980073E2C8 /* mindplannerApp.swift */,
				B092B08A2B2884980073E2C8 /* ContentView.swift */,
				B092B0B22B28852C0073E2C8 /* calendarmain.swift */,
				B092B08C2B28849A0073E2C8 /* Assets.xcassets */,
				B092B08E2B28849A0073E2C8 /* Preview Content */,
			);
			path = mindplanner;
			sourceTree = "<group>";
		};
		B092B08E2B28849A0073E2C8 /* Preview Content */ = {
			isa = PBXGroup;
			children = (
				B092B08F2B28849A0073E2C8 /* Preview Assets.xcassets */,
			);
			path = "Preview Content";
			sourceTree = "<group>";
		};
		B092B0982B28849A0073E2C8 /* mindplannerTests */ = {
			isa = PBXGroup;
			children = (
				B092B0992B28849A0073E2C8 /* mindplannerTests.swift */,
			);
			path = mindplannerTests;
			sourceTree = "<group>";
		};
		B092B0A22B28849A0073E2C8 /* mindplannerUITests */ = {
			isa = PBXGroup;
			children = (
				B092B0A32B28849A0073E2C8 /* mindplannerUITests.swift */,
				B092B0A52B28849A0073E2C8 /* mindplannerUITestsLaunchTests.swift */,
			);
			path = mindplannerUITests;
			sourceTree = "<group>";
		};
/* End PBXGroup section */

/* Begin PBXNativeTarget section */
		B092B0842B2884980073E2C8 /* mindplanner */ = {
			isa = PBXNativeTarget;
			buildConfigurationList = B092B0A92B28849A0073E2C8 /* Build configuration list for PBXNativeTarget "mindplanner" */;
			buildPhases = (
				B092B0812B2884980073E2C8 /* Sources */,
				B092B0822B2884980073E2C8 /* Frameworks */,
				B092B0832B2884980073E2C8 /* Resources */,
			);
			buildRules = (
			);
			dependencies = (
			);
			name = mindplanner;
			productName = mindplanner;
			productReference = B092B0852B2884980073E2C8 /* mindplanner.app */;
			productType = "com.apple.product-type.application";
		};
		B092B0942B28849A0073E2C8 /* mindplannerTests */ = {
			isa = PBXNativeTarget;
			buildConfigurationList = B092B0AC2B28849A0073E2C8 /* Build configuration list for PBXNativeTarget "mindplannerTests" */;
			buildPhases = (
				B092B0912B28849A0073E2C8 /* Sources */,
				B092B0922B28849A0073E2C8 /* Frameworks */,
				B092B0932B28849A0073E2C8 /* Resources */,
			);
			buildRules = (
			);
			dependencies = (
				B092B0972B28849A0073E2C8 /* PBXTargetDependency */,
			);
			name = mindplannerTests;
			productName = mindplannerTests;
			productReference = B092B0952B28849A0073E2C8 /* mindplannerTests.xctest */;
			productType = "com.apple.product-type.bundle.unit-test";
		};
		B092B09E2B28849A0073E2C8 /* mindplannerUITests */ = {
			isa = PBXNativeTarget;
			buildConfigurationList = B092B0AF2B28849A0073E2C8 /* Build configuration list for PBXNativeTarget "mindplannerUITests" */;
			buildPhases = (
				B092B09B2B28849A0073E2C8 /* Sources */,
				B092B09C2B28849A0073E2C8 /* Frameworks */,
				B092B09D2B28849A0073E2C8 /* Resources */,
			);
			buildRules = (
			);
			dependencies = (
				B092B0A12B28849A0073E2C8 /* PBXTargetDependency */,
			);
			name = mindplannerUITests;
			productName = mindplannerUITests;
			productReference = B092B09F2B28849A0073E2C8 /* mindplannerUITests.xctest */;
			productType = "com.apple.product-type.bundle.ui-testing";
		};
/* End PBXNativeTarget section */

/* Begin PBXProject section */
		B092B07D2B2884980073E2C8 /* Project object */ = {
			isa = PBXProject;
			attributes = {
				BuildIndependentTargetsInParallel = 1;
				LastSwiftUpdateCheck = 1500;
				LastUpgradeCheck = 1500;
				TargetAttributes = {
					B092B0842B2884980073E2C8 = {
						CreatedOnToolsVersion = 15.0.1;
					};
					B092B0942B28849A0073E2C8 = {
						CreatedOnToolsVersion = 15.0.1;
						TestTargetID = B092B0842B2884980073E2C8;
					};
					B092B09E2B28849A0073E2C8 = {
						CreatedOnToolsVersion = 15.0.1;
						TestTargetID = B092B0842B2884980073E2C8;
					};
				};
			};
			buildConfigurationList = B092B0802B2884980073E2C8 /* Build configuration list for PBXProject "mindplanner" */;
			compatibilityVersion = "Xcode 14.0";
			developmentRegion = en;
			hasScannedForEncodings = 0;
			knownRegions = (
				en,
				Base,
			);
			mainGroup = B092B07C2B2884980073E2C8;
			productRefGroup = B092B0862B2884980073E2C8 /* Products */;
			projectDirPath = "";
			projectRoot = "";
			targets = (
				B092B0842B2884980073E2C8 /* mindplanner */,
				B092B0942B28849A0073E2C8 /* mindplannerTests */,
				B092B09E2B28849A0073E2C8 /* mindplannerUITests */,
			);
		};
/* End PBXProject section */

/* Begin PBXResourcesBuildPhase section */
		B092B0832B2884980073E2C8 /* Resources */ = {
			isa = PBXResourcesBuildPhase;
			buildActionMask = 2147483647;
			files = (
				B092B0902B28849A0073E2C8 /* Preview Assets.xcassets in Resources */,
				B092B08D2B28849A0073E2C8 /* Assets.xcassets in Resources */,
			);
			runOnlyForDeploymentPostprocessing = 0;
		};
		B092B0932B28849A0073E2C8 /* Resources */ = {
			isa = PBXResourcesBuildPhase;
			buildActionMask = 2147483647;
			files = (
			);
			runOnlyForDeploymentPostprocessing = 0;
		};
		B092B09D2B28849A0073E2C8 /* Resources */ = {
			isa = PBXResourcesBuildPhase;
			buildActionMask = 2147483647;
			files = (
			);
			runOnlyForDeploymentPostprocessing = 0;
		};
/* End PBXResourcesBuildPhase section */

/* Begin PBXSourcesBuildPhase section */
		B092B0812B2884980073E2C8 /* Sources */ = {
			isa = PBXSourcesBuildPhase;
			buildActionMask = 2147483647;
			files = (
				B092B0B32B28852C0073E2C8 /* calendarmain.swift in Sources */,
				B092B08B2B2884980073E2C8 /* ContentView.swift in Sources */,
				B092B0892B2884980073E2C8 /* mindplannerApp.swift in Sources */,
			);
			runOnlyForDeploymentPostprocessing = 0;
		};
		B092B0912B28849A0073E2C8 /* Sources */ = {
			isa = PBXSourcesBuildPhase;
			buildActionMask = 2147483647;
			files = (
				B092B09A2B28849A0073E2C8 /* mindplannerTests.swift in Sources */,
			);
			runOnlyForDeploymentPostprocessing = 0;
		};
		B092B09B2B28849A0073E2C8 /* Sources */ = {
			isa = PBXSourcesBuildPhase;
			buildActionMask = 2147483647;
			files = (
				B092B0A42B28849A0073E2C8 /* mindplannerUITests.swift in Sources */,
				B092B0A62B28849A0073E2C8 /* mindplannerUITestsLaunchTests.swift in Sources */,
			);
			runOnlyForDeploymentPostprocessing = 0;
		};
/* End PBXSourcesBuildPhase section */

/* Begin PBXTargetDependency section */
		B092B0972B28849A0073E2C8 /* PBXTargetDependency */ = {
			isa = PBXTargetDependency;
			target = B092B0842B2884980073E2C8 /* mindplanner */;
			targetProxy = B092B0962B28849A0073E2C8 /* PBXContainerItemProxy */;
		};
		B092B0A12B28849A0073E2C8 /* PBXTargetDependency */ = {
			isa = PBXTargetDependency;
			target = B092B0842B2884980073E2C8 /* mindplanner */;
			targetProxy = B092B0A02B28849A0073E2C8 /* PBXContainerItemProxy */;
		};
/* End PBXTargetDependency section */

/* Begin XCBuildConfiguration section */
		B092B0A72B28849A0073E2C8 /* Debug */ = {
			isa = XCBuildConfiguration;
			buildSettings = {
				ALWAYS_SEARCH_USER_PATHS = NO;
				ASSETCATALOG_COMPILER_GENERATE_SWIFT_ASSET_SYMBOL_EXTENSIONS = YES;
				CLANG_ANALYZER_NONNULL = YES;
				CLANG_ANALYZER_NUMBER_OBJECT_CONVERSION = YES_AGGRESSIVE;
				CLANG_CXX_LANGUAGE_STANDARD = "gnu++20";
				CLANG_ENABLE_MODULES = YES;
				CLANG_ENABLE_OBJC_ARC = YES;
				CLANG_ENABLE_OBJC_WEAK = YES;
				CLANG_WARN_BLOCK_CAPTURE_AUTORELEASING = YES;
				CLANG_WARN_BOOL_CONVERSION = YES;
				CLANG_WARN_COMMA = YES;
				CLANG_WARN_CONSTANT_CONVERSION = YES;
				CLANG_WARN_DEPRECATED_OBJC_IMPLEMENTATIONS = YES;
				CLANG_WARN_DIRECT_OBJC_ISA_USAGE = YES_ERROR;
				CLANG_WARN_DOCUMENTATION_COMMENTS = YES;
				CLANG_WARN_EMPTY_BODY = YES;
				CLANG_WARN_ENUM_CONVERSION = YES;
				CLANG_WARN_INFINITE_RECURSION = YES;
				CLANG_WARN_INT_CONVERSION = YES;
				CLANG_WARN_NON_LITERAL_NULL_CONVERSION = YES;
				CLANG_WARN_OBJC_IMPLICIT_RETAIN_SELF = YES;
				CLANG_WARN_OBJC_LITERAL_CONVERSION = YES;
				CLANG_WARN_OBJC_ROOT_CLASS = YES_ERROR;
				CLANG_WARN_QUOTED_INCLUDE_IN_FRAMEWORK_HEADER = YES;
				CLANG_WARN_RANGE_LOOP_ANALYSIS = YES;
				CLANG_WARN_STRICT_PROTOTYPES = YES;
				CLANG_WARN_SUSPICIOUS_MOVE = YES;
				CLANG_WARN_UNGUARDED_AVAILABILITY = YES_AGGRESSIVE;
				CLANG_WARN_UNREACHABLE_CODE = YES;
				CLANG_WARN__DUPLICATE_METHOD_MATCH = YES;
				COPY_PHASE_STRIP = NO;
				DEBUG_INFORMATION_FORMAT = dwarf;
				ENABLE_STRICT_OBJC_MSGSEND = YES;
				ENABLE_TESTABILITY = YES;
				ENABLE_USER_SCRIPT_SANDBOXING = YES;
				GCC_C_LANGUAGE_STANDARD = gnu17;
				GCC_DYNAMIC_NO_PIC = NO;
				GCC_NO_COMMON_BLOCKS = YES;
				GCC_OPTIMIZATION_LEVEL = 0;
				GCC_PREPROCESSOR_DEFINITIONS = (
					"DEBUG=1",
					"$(inherited)",
				);
				GCC_WARN_64_TO_32_BIT_CONVERSION = YES;
				GCC_WARN_ABOUT_RETURN_TYPE = YES_ERROR;
				GCC_WARN_UNDECLARED_SELECTOR = YES;
				GCC_WARN_UNINITIALIZED_AUTOS = YES_AGGRESSIVE;
				GCC_WARN_UNUSED_FUNCTION = YES;
				GCC_WARN_UNUSED_VARIABLE = YES;
				IPHONEOS_DEPLOYMENT_TARGET = 17.0;
				LOCALIZATION_PREFERS_STRING_CATALOGS = YES;
				MTL_ENABLE_DEBUG_INFO = INCLUDE_SOURCE;
				MTL_FAST_MATH = YES;
				ONLY_ACTIVE_ARCH = YES;
				SDKROOT = iphoneos;
				SWIFT_ACTIVE_COMPILATION_CONDITIONS = "DEBUG $(inherited)";
				SWIFT_OPTIMIZATION_LEVEL = "-Onone";
			};
			name = Debug;
		};
		B092B0A82B28849A0073E2C8 /* Release */ = {
			isa = XCBuildConfiguration;
			buildSettings = {
				ALWAYS_SEARCH_USER_PATHS = NO;
				ASSETCATALOG_COMPILER_GENERATE_SWIFT_ASSET_SYMBOL_EXTENSIONS = YES;
				CLANG_ANALYZER_NONNULL = YES;
				CLANG_ANALYZER_NUMBER_OBJECT_CONVERSION = YES_AGGRESSIVE;
				CLANG_CXX_LANGUAGE_STANDARD = "gnu++20";
				CLANG_ENABLE_MODULES = YES;
				CLANG_ENABLE_OBJC_ARC = YES;
				CLANG_ENABLE_OBJC_WEAK = YES;
				CLANG_WARN_BLOCK_CAPTURE_AUTORELEASING = YES;
				CLANG_WARN_BOOL_CONVERSION = YES;
				CLANG_WARN_COMMA = YES;
				CLANG_WARN_CONSTANT_CONVERSION = YES;
				CLANG_WARN_DEPRECATED_OBJC_IMPLEMENTATIONS = YES;
				CLANG_WARN_DIRECT_OBJC_ISA_USAGE = YES_ERROR;
				CLANG_WARN_DOCUMENTATION_COMMENTS = YES;
				CLANG_WARN_EMPTY_BODY = YES;
				CLANG_WARN_ENUM_CONVERSION = YES;
				CLANG_WARN_INFINITE_RECURSION = YES;
				CLANG_WARN_INT_CONVERSION = YES;
				CLANG_WARN_NON_LITERAL_NULL_CONVERSION = YES;
				CLANG_WARN_OBJC_IMPLICIT_RETAIN_SELF = YES;
				CLANG_WARN_OBJC_LITERAL_CONVERSION = YES;
				CLANG_WARN_OBJC_ROOT_CLASS = YES_ERROR;
				CLANG_WARN_QUOTED_INCLUDE_IN_FRAMEWORK_HEADER = YES;
				CLANG_WARN_RANGE_LOOP_ANALYSIS = YES;
				CLANG_WARN_STRICT_PROTOTYPES = YES;
				CLANG_WARN_SUSPICIOUS_MOVE = YES;
				CLANG_WARN_UNGUARDED_AVAILABILITY = YES_AGGRESSIVE;
				CLANG_WARN_UNREACHABLE_CODE = YES;
				CLANG_WARN__DUPLICATE_METHOD_MATCH = YES;
				COPY_PHASE_STRIP = NO;
				DEBUG_INFORMATION_FORMAT = "dwarf-with-dsym";
				ENABLE_NS_ASSERTIONS = NO;
				ENABLE_STRICT_OBJC_MSGSEND = YES;
				ENABLE_USER_SCRIPT_SANDBOXING = YES;
				GCC_C_LANGUAGE_STANDARD = gnu17;
				GCC_NO_COMMON_BLOCKS = YES;
				GCC_WARN_64_TO_32_BIT_CONVERSION = YES;
				GCC_WARN_ABOUT_RETURN_TYPE = YES_ERROR;
				GCC_WARN_UNDECLARED_SELECTOR = YES;
				GCC_WARN_UNINITIALIZED_AUTOS = YES_AGGRESSIVE;
				GCC_WARN_UNUSED_FUNCTION = YES;
				GCC_WARN_UNUSED_VARIABLE = YES;
				IPHONEOS_DEPLOYMENT_TARGET = 17.0;
				LOCALIZATION_PREFERS_STRING_CATALOGS = YES;
				MTL_ENABLE_DEBUG_INFO = NO;
				MTL_FAST_MATH = YES;
				SDKROOT = iphoneos;
				SWIFT_COMPILATION_MODE = wholemodule;
				VALIDATE_PRODUCT = YES;
			};
			name = Release;
		};
		B092B0AA2B28849A0073E2C8 /* Debug */ = {
			isa = XCBuildConfiguration;
			buildSettings = {
				ASSETCATALOG_COMPILER_APPICON_NAME = AppIcon;
				ASSETCATALOG_COMPILER_GLOBAL_ACCENT_COLOR_NAME = AccentColor;
				CODE_SIGN_STYLE = Automatic;
				CURRENT_PROJECT_VERSION = 1;
				DEVELOPMENT_ASSET_PATHS = "\"mindplanner/Preview Content\"";
				DEVELOPMENT_TEAM = B66HUA247Z;
				ENABLE_PREVIEWS = YES;
				GENERATE_INFOPLIST_FILE = YES;
				INFOPLIST_KEY_UIApplicationSceneManifest_Generation = YES;
				INFOPLIST_KEY_UIApplicationSupportsIndirectInputEvents = YES;
				INFOPLIST_KEY_UILaunchScreen_Generation = YES;
				INFOPLIST_KEY_UISupportedInterfaceOrientations_iPad = "UIInterfaceOrientationPortrait UIInterfaceOrientationPortraitUpsideDown UIInterfaceOrientationLandscapeLeft UIInterfaceOrientationLandscapeRight";
				INFOPLIST_KEY_UISupportedInterfaceOrientations_iPhone = "UIInterfaceOrientationPortrait UIInterfaceOrientationLandscapeLeft UIInterfaceOrientationLandscapeRight";
				LD_RUNPATH_SEARCH_PATHS = (
					"$(inherited)",
					"@executable_path/Frameworks",
				);
				MARKETING_VERSION = 1.0;
				PRODUCT_BUNDLE_IDENTIFIER = SaxionStudent.mindplanner;
				PRODUCT_NAME = "$(TARGET_NAME)";
				SWIFT_EMIT_LOC_STRINGS = YES;
				SWIFT_VERSION = 5.0;
				TARGETED_DEVICE_FAMILY = "1,2";
			};
			name = Debug;
		};
		B092B0AB2B28849A0073E2C8 /* Release */ = {
			isa = XCBuildConfiguration;
			buildSettings = {
				ASSETCATALOG_COMPILER_APPICON_NAME = AppIcon;
				ASSETCATALOG_COMPILER_GLOBAL_ACCENT_COLOR_NAME = AccentColor;
				CODE_SIGN_STYLE = Automatic;
				CURRENT_PROJECT_VERSION = 1;
				DEVELOPMENT_ASSET_PATHS = "\"mindplanner/Preview Content\"";
				DEVELOPMENT_TEAM = B66HUA247Z;
				ENABLE_PREVIEWS = YES;
				GENERATE_INFOPLIST_FILE = YES;
				INFOPLIST_KEY_UIApplicationSceneManifest_Generation = YES;
				INFOPLIST_KEY_UIApplicationSupportsIndirectInputEvents = YES;
				INFOPLIST_KEY_UILaunchScreen_Generation = YES;
				INFOPLIST_KEY_UISupportedInterfaceOrientations_iPad = "UIInterfaceOrientationPortrait UIInterfaceOrientationPortraitUpsideDown UIInterfaceOrientationLandscapeLeft UIInterfaceOrientationLandscapeRight";
				INFOPLIST_KEY_UISupportedInterfaceOrientations_iPhone = "UIInterfaceOrientationPortrait UIInterfaceOrientationLandscapeLeft UIInterfaceOrientationLandscapeRight";
				LD_RUNPATH_SEARCH_PATHS = (
					"$(inherited)",
					"@executable_path/Frameworks",
				);
				MARKETING_VERSION = 1.0;
				PRODUCT_BUNDLE_IDENTIFIER = SaxionStudent.mindplanner;
				PRODUCT_NAME = "$(TARGET_NAME)";
				SWIFT_EMIT_LOC_STRINGS = YES;
				SWIFT_VERSION = 5.0;
				TARGETED_DEVICE_FAMILY = "1,2";
			};
			name = Release;
		};
		B092B0AD2B28849A0073E2C8 /* Debug */ = {
			isa = XCBuildConfiguration;
			buildSettings = {
				ALWAYS_EMBED_SWIFT_STANDARD_LIBRARIES = YES;
				BUNDLE_LOADER = "$(TEST_HOST)";
				CODE_SIGN_STYLE = Automatic;
				CURRENT_PROJECT_VERSION = 1;
				DEVELOPMENT_TEAM = B66HUA247Z;
				GENERATE_INFOPLIST_FILE = YES;
				IPHONEOS_DEPLOYMENT_TARGET = 17.0;
				MARKETING_VERSION = 1.0;
				PRODUCT_BUNDLE_IDENTIFIER = SaxionStudent.mindplannerTests;
				PRODUCT_NAME = "$(TARGET_NAME)";
				SWIFT_EMIT_LOC_STRINGS = NO;
				SWIFT_VERSION = 5.0;
				TARGETED_DEVICE_FAMILY = "1,2";
				TEST_HOST = "$(BUILT_PRODUCTS_DIR)/mindplanner.app/$(BUNDLE_EXECUTABLE_FOLDER_PATH)/mindplanner";
			};
			name = Debug;
		};
		B092B0AE2B28849A0073E2C8 /* Release */ = {
			isa = XCBuildConfiguration;
			buildSettings = {
				ALWAYS_EMBED_SWIFT_STANDARD_LIBRARIES = YES;
				BUNDLE_LOADER = "$(TEST_HOST)";
				CODE_SIGN_STYLE = Automatic;
				CURRENT_PROJECT_VERSION = 1;
				DEVELOPMENT_TEAM = B66HUA247Z;
				GENERATE_INFOPLIST_FILE = YES;
				IPHONEOS_DEPLOYMENT_TARGET = 17.0;
				MARKETING_VERSION = 1.0;
				PRODUCT_BUNDLE_IDENTIFIER = SaxionStudent.mindplannerTests;
				PRODUCT_NAME = "$(TARGET_NAME)";
				SWIFT_EMIT_LOC_STRINGS = NO;
				SWIFT_VERSION = 5.0;
				TARGETED_DEVICE_FAMILY = "1,2";
				TEST_HOST = "$(BUILT_PRODUCTS_DIR)/mindplanner.app/$(BUNDLE_EXECUTABLE_FOLDER_PATH)/mindplanner";
			};
			name = Release;
		};
		B092B0B02B28849A0073E2C8 /* Debug */ = {
			isa = XCBuildConfiguration;
			buildSettings = {
				ALWAYS_EMBED_SWIFT_STANDARD_LIBRARIES = YES;
				CODE_SIGN_STYLE = Automatic;
				CURRENT_PROJECT_VERSION = 1;
				DEVELOPMENT_TEAM = B66HUA247Z;
				GENERATE_INFOPLIST_FILE = YES;
				MARKETING_VERSION = 1.0;
				PRODUCT_BUNDLE_IDENTIFIER = SaxionStudent.mindplannerUITests;
				PRODUCT_NAME = "$(TARGET_NAME)";
				SWIFT_EMIT_LOC_STRINGS = NO;
				SWIFT_VERSION = 5.0;
				TARGETED_DEVICE_FAMILY = "1,2";
				TEST_TARGET_NAME = mindplanner;
			};
			name = Debug;
		};
		B092B0B12B28849A0073E2C8 /* Release */ = {
			isa = XCBuildConfiguration;
			buildSettings = {
				ALWAYS_EMBED_SWIFT_STANDARD_LIBRARIES = YES;
				CODE_SIGN_STYLE = Automatic;
				CURRENT_PROJECT_VERSION = 1;
				DEVELOPMENT_TEAM = B66HUA247Z;
				GENERATE_INFOPLIST_FILE = YES;
				MARKETING_VERSION = 1.0;
				PRODUCT_BUNDLE_IDENTIFIER = SaxionStudent.mindplannerUITests;
				PRODUCT_NAME = "$(TARGET_NAME)";
				SWIFT_EMIT_LOC_STRINGS = NO;
				SWIFT_VERSION = 5.0;
				TARGETED_DEVICE_FAMILY = "1,2";
				TEST_TARGET_NAME = mindplanner;
			};
			name = Release;
		};
/* End XCBuildConfiguration section */

/* Begin XCConfigurationList section */
		B092B0802B2884980073E2C8 /* Build configuration list for PBXProject "mindplanner" */ = {
			isa = XCConfigurationList;
			buildConfigurations = (
				B092B0A72B28849A0073E2C8 /* Debug */,
				B092B0A82B28849A0073E2C8 /* Release */,
			);
			defaultConfigurationIsVisible = 0;
			defaultConfigurationName = Release;
		};
		B092B0A92B28849A0073E2C8 /* Build configuration list for PBXNativeTarget "mindplanner" */ = {
			isa = XCConfigurationList;
			buildConfigurations = (
				B092B0AA2B28849A0073E2C8 /* Debug */,
				B092B0AB2B28849A0073E2C8 /* Release */,
			);
			defaultConfigurationIsVisible = 0;
			defaultConfigurationName = Release;
		};
		B092B0AC2B28849A0073E2C8 /* Build configuration list for PBXNativeTarget "mindplannerTests" */ = {
			isa = XCConfigurationList;
			buildConfigurations = (
				B092B0AD2B28849A0073E2C8 /* Debug */,
				B092B0AE2B28849A0073E2C8 /* Release */,
			);
			defaultConfigurationIsVisible = 0;
			defaultConfigurationName = Release;
		};
		B092B0AF2B28849A0073E2C8 /* Build configuration list for PBXNativeTarget "mindplannerUITests" */ = {
			isa = XCConfigurationList;
			buildConfigurations = (
				B092B0B02B28849A0073E2C8 /* Debug */,
				B092B0B12B28849A0073E2C8 /* Release */,
			);
			defaultConfigurationIsVisible = 0;
			defaultConfigurationName = Release;
		};
/* End XCConfigurationList section */
	};
	rootObject = B092B07D2B2884980073E2C8 /* Project object */;
}
