// !$*UTF8*$!
{
	archiveVersion = 1;
	classes = {
	};
	objectVersion = 56;
	objects = {

/* Begin PBXBuildFile section */
		B0880C972B28FB9F00B4DA8A /* mindPlanner_CopyApp.swift in Sources */ = {isa = PBXBuildFile; fileRef = B0880C962B28FB9F00B4DA8A /* mindPlanner_CopyApp.swift */; };
		B0880C992B28FB9F00B4DA8A /* ContentView.swift in Sources */ = {isa = PBXBuildFile; fileRef = B0880C982B28FB9F00B4DA8A /* ContentView.swift */; };
		B0880C9B2B28FB9F00B4DA8A /* Item.swift in Sources */ = {isa = PBXBuildFile; fileRef = B0880C9A2B28FB9F00B4DA8A /* Item.swift */; };
		B0880C9D2B28FBA000B4DA8A /* Assets.xcassets in Resources */ = {isa = PBXBuildFile; fileRef = B0880C9C2B28FBA000B4DA8A /* Assets.xcassets */; };
		B0880CA02B28FBA000B4DA8A /* Preview Assets.xcassets in Resources */ = {isa = PBXBuildFile; fileRef = B0880C9F2B28FBA000B4DA8A /* Preview Assets.xcassets */; };
		B0880CAB2B28FBA000B4DA8A /* mindPlanner_CopyTests.swift in Sources */ = {isa = PBXBuildFile; fileRef = B0880CAA2B28FBA000B4DA8A /* mindPlanner_CopyTests.swift */; };
		B0880CB52B28FBA000B4DA8A /* mindPlanner_CopyUITests.swift in Sources */ = {isa = PBXBuildFile; fileRef = B0880CB42B28FBA000B4DA8A /* mindPlanner_CopyUITests.swift */; };
		B0880CB72B28FBA000B4DA8A /* mindPlanner_CopyUITestsLaunchTests.swift in Sources */ = {isa = PBXBuildFile; fileRef = B0880CB62B28FBA000B4DA8A /* mindPlanner_CopyUITestsLaunchTests.swift */; };
/* End PBXBuildFile section */

/* Begin PBXContainerItemProxy section */
		B0880CA72B28FBA000B4DA8A /* PBXContainerItemProxy */ = {
			isa = PBXContainerItemProxy;
			containerPortal = B0880C8B2B28FB9F00B4DA8A /* Project object */;
			proxyType = 1;
			remoteGlobalIDString = B0880C922B28FB9F00B4DA8A;
			remoteInfo = "mindPlanner-Copy";
		};
		B0880CB12B28FBA000B4DA8A /* PBXContainerItemProxy */ = {
			isa = PBXContainerItemProxy;
			containerPortal = B0880C8B2B28FB9F00B4DA8A /* Project object */;
			proxyType = 1;
			remoteGlobalIDString = B0880C922B28FB9F00B4DA8A;
			remoteInfo = "mindPlanner-Copy";
		};
/* End PBXContainerItemProxy section */

/* Begin PBXFileReference section */
		B0880C932B28FB9F00B4DA8A /* mindPlanner-Copy.app */ = {isa = PBXFileReference; explicitFileType = wrapper.application; includeInIndex = 0; path = "mindPlanner-Copy.app"; sourceTree = BUILT_PRODUCTS_DIR; };
		B0880C962B28FB9F00B4DA8A /* mindPlanner_CopyApp.swift */ = {isa = PBXFileReference; lastKnownFileType = sourcecode.swift; path = mindPlanner_CopyApp.swift; sourceTree = "<group>"; };
		B0880C982B28FB9F00B4DA8A /* ContentView.swift */ = {isa = PBXFileReference; lastKnownFileType = sourcecode.swift; path = ContentView.swift; sourceTree = "<group>"; };
		B0880C9A2B28FB9F00B4DA8A /* Item.swift */ = {isa = PBXFileReference; lastKnownFileType = sourcecode.swift; path = Item.swift; sourceTree = "<group>"; };
		B0880C9C2B28FBA000B4DA8A /* Assets.xcassets */ = {isa = PBXFileReference; lastKnownFileType = folder.assetcatalog; path = Assets.xcassets; sourceTree = "<group>"; };
		B0880C9F2B28FBA000B4DA8A /* Preview Assets.xcassets */ = {isa = PBXFileReference; lastKnownFileType = folder.assetcatalog; path = "Preview Assets.xcassets"; sourceTree = "<group>"; };
		B0880CA12B28FBA000B4DA8A /* Info.plist */ = {isa = PBXFileReference; lastKnownFileType = text.plist.xml; path = Info.plist; sourceTree = "<group>"; };
		B0880CA62B28FBA000B4DA8A /* mindPlanner-CopyTests.xctest */ = {isa = PBXFileReference; explicitFileType = wrapper.cfbundle; includeInIndex = 0; path = "mindPlanner-CopyTests.xctest"; sourceTree = BUILT_PRODUCTS_DIR; };
		B0880CAA2B28FBA000B4DA8A /* mindPlanner_CopyTests.swift */ = {isa = PBXFileReference; lastKnownFileType = sourcecode.swift; path = mindPlanner_CopyTests.swift; sourceTree = "<group>"; };
		B0880CB02B28FBA000B4DA8A /* mindPlanner-CopyUITests.xctest */ = {isa = PBXFileReference; explicitFileType = wrapper.cfbundle; includeInIndex = 0; path = "mindPlanner-CopyUITests.xctest"; sourceTree = BUILT_PRODUCTS_DIR; };
		B0880CB42B28FBA000B4DA8A /* mindPlanner_CopyUITests.swift */ = {isa = PBXFileReference; lastKnownFileType = sourcecode.swift; path = mindPlanner_CopyUITests.swift; sourceTree = "<group>"; };
		B0880CB62B28FBA000B4DA8A /* mindPlanner_CopyUITestsLaunchTests.swift */ = {isa = PBXFileReference; lastKnownFileType = sourcecode.swift; path = mindPlanner_CopyUITestsLaunchTests.swift; sourceTree = "<group>"; };
/* End PBXFileReference section */

/* Begin PBXFrameworksBuildPhase section */
		B0880C902B28FB9F00B4DA8A /* Frameworks */ = {
			isa = PBXFrameworksBuildPhase;
			buildActionMask = 2147483647;
			files = (
			);
			runOnlyForDeploymentPostprocessing = 0;
		};
		B0880CA32B28FBA000B4DA8A /* Frameworks */ = {
			isa = PBXFrameworksBuildPhase;
			buildActionMask = 2147483647;
			files = (
			);
			runOnlyForDeploymentPostprocessing = 0;
		};
		B0880CAD2B28FBA000B4DA8A /* Frameworks */ = {
			isa = PBXFrameworksBuildPhase;
			buildActionMask = 2147483647;
			files = (
			);
			runOnlyForDeploymentPostprocessing = 0;
		};
/* End PBXFrameworksBuildPhase section */

/* Begin PBXGroup section */
		B0880C8A2B28FB9F00B4DA8A = {
			isa = PBXGroup;
			children = (
				B0880C952B28FB9F00B4DA8A /* mindPlanner-Copy */,
				B0880CA92B28FBA000B4DA8A /* mindPlanner-CopyTests */,
				B0880CB32B28FBA000B4DA8A /* mindPlanner-CopyUITests */,
				B0880C942B28FB9F00B4DA8A /* Products */,
			);
			sourceTree = "<group>";
		};
		B0880C942B28FB9F00B4DA8A /* Products */ = {
			isa = PBXGroup;
			children = (
				B0880C932B28FB9F00B4DA8A /* mindPlanner-Copy.app */,
				B0880CA62B28FBA000B4DA8A /* mindPlanner-CopyTests.xctest */,
				B0880CB02B28FBA000B4DA8A /* mindPlanner-CopyUITests.xctest */,
			);
			name = Products;
			sourceTree = "<group>";
		};
		B0880C952B28FB9F00B4DA8A /* mindPlanner-Copy */ = {
			isa = PBXGroup;
			children = (
				B0880C962B28FB9F00B4DA8A /* mindPlanner_CopyApp.swift */,
				B0880C982B28FB9F00B4DA8A /* ContentView.swift */,
				B0880C9A2B28FB9F00B4DA8A /* Item.swift */,
				B0880C9C2B28FBA000B4DA8A /* Assets.xcassets */,
				B0880CA12B28FBA000B4DA8A /* Info.plist */,
				B0880C9E2B28FBA000B4DA8A /* Preview Content */,
			);
			path = "mindPlanner-Copy";
			sourceTree = "<group>";
		};
		B0880C9E2B28FBA000B4DA8A /* Preview Content */ = {
			isa = PBXGroup;
			children = (
				B0880C9F2B28FBA000B4DA8A /* Preview Assets.xcassets */,
			);
			path = "Preview Content";
			sourceTree = "<group>";
		};
		B0880CA92B28FBA000B4DA8A /* mindPlanner-CopyTests */ = {
			isa = PBXGroup;
			children = (
				B0880CAA2B28FBA000B4DA8A /* mindPlanner_CopyTests.swift */,
			);
			path = "mindPlanner-CopyTests";
			sourceTree = "<group>";
		};
		B0880CB32B28FBA000B4DA8A /* mindPlanner-CopyUITests */ = {
			isa = PBXGroup;
			children = (
				B0880CB42B28FBA000B4DA8A /* mindPlanner_CopyUITests.swift */,
				B0880CB62B28FBA000B4DA8A /* mindPlanner_CopyUITestsLaunchTests.swift */,
			);
			path = "mindPlanner-CopyUITests";
			sourceTree = "<group>";
		};
/* End PBXGroup section */

/* Begin PBXNativeTarget section */
		B0880C922B28FB9F00B4DA8A /* mindPlanner-Copy */ = {
			isa = PBXNativeTarget;
			buildConfigurationList = B0880CBA2B28FBA000B4DA8A /* Build configuration list for PBXNativeTarget "mindPlanner-Copy" */;
			buildPhases = (
				B0880C8F2B28FB9F00B4DA8A /* Sources */,
				B0880C902B28FB9F00B4DA8A /* Frameworks */,
				B0880C912B28FB9F00B4DA8A /* Resources */,
			);
			buildRules = (
			);
			dependencies = (
			);
			name = "mindPlanner-Copy";
			productName = "mindPlanner-Copy";
			productReference = B0880C932B28FB9F00B4DA8A /* mindPlanner-Copy.app */;
			productType = "com.apple.product-type.application";
		};
		B0880CA52B28FBA000B4DA8A /* mindPlanner-CopyTests */ = {
			isa = PBXNativeTarget;
			buildConfigurationList = B0880CBD2B28FBA000B4DA8A /* Build configuration list for PBXNativeTarget "mindPlanner-CopyTests" */;
			buildPhases = (
				B0880CA22B28FBA000B4DA8A /* Sources */,
				B0880CA32B28FBA000B4DA8A /* Frameworks */,
				B0880CA42B28FBA000B4DA8A /* Resources */,
			);
			buildRules = (
			);
			dependencies = (
				B0880CA82B28FBA000B4DA8A /* PBXTargetDependency */,
			);
			name = "mindPlanner-CopyTests";
			productName = "mindPlanner-CopyTests";
			productReference = B0880CA62B28FBA000B4DA8A /* mindPlanner-CopyTests.xctest */;
			productType = "com.apple.product-type.bundle.unit-test";
		};
		B0880CAF2B28FBA000B4DA8A /* mindPlanner-CopyUITests */ = {
			isa = PBXNativeTarget;
			buildConfigurationList = B0880CC02B28FBA000B4DA8A /* Build configuration list for PBXNativeTarget "mindPlanner-CopyUITests" */;
			buildPhases = (
				B0880CAC2B28FBA000B4DA8A /* Sources */,
				B0880CAD2B28FBA000B4DA8A /* Frameworks */,
				B0880CAE2B28FBA000B4DA8A /* Resources */,
			);
			buildRules = (
			);
			dependencies = (
				B0880CB22B28FBA000B4DA8A /* PBXTargetDependency */,
			);
			name = "mindPlanner-CopyUITests";
			productName = "mindPlanner-CopyUITests";
			productReference = B0880CB02B28FBA000B4DA8A /* mindPlanner-CopyUITests.xctest */;
			productType = "com.apple.product-type.bundle.ui-testing";
		};
/* End PBXNativeTarget section */

/* Begin PBXProject section */
		B0880C8B2B28FB9F00B4DA8A /* Project object */ = {
			isa = PBXProject;
			attributes = {
				BuildIndependentTargetsInParallel = 1;
				LastSwiftUpdateCheck = 1500;
				LastUpgradeCheck = 1500;
				TargetAttributes = {
					B0880C922B28FB9F00B4DA8A = {
						CreatedOnToolsVersion = 15.0.1;
					};
					B0880CA52B28FBA000B4DA8A = {
						CreatedOnToolsVersion = 15.0.1;
						TestTargetID = B0880C922B28FB9F00B4DA8A;
					};
					B0880CAF2B28FBA000B4DA8A = {
						CreatedOnToolsVersion = 15.0.1;
						TestTargetID = B0880C922B28FB9F00B4DA8A;
					};
				};
			};
			buildConfigurationList = B0880C8E2B28FB9F00B4DA8A /* Build configuration list for PBXProject "mindPlanner-Copy" */;
			compatibilityVersion = "Xcode 14.0";
			developmentRegion = en;
			hasScannedForEncodings = 0;
			knownRegions = (
				en,
				Base,
			);
			mainGroup = B0880C8A2B28FB9F00B4DA8A;
			productRefGroup = B0880C942B28FB9F00B4DA8A /* Products */;
			projectDirPath = "";
			projectRoot = "";
			targets = (
				B0880C922B28FB9F00B4DA8A /* mindPlanner-Copy */,
				B0880CA52B28FBA000B4DA8A /* mindPlanner-CopyTests */,
				B0880CAF2B28FBA000B4DA8A /* mindPlanner-CopyUITests */,
			);
		};
/* End PBXProject section */

/* Begin PBXResourcesBuildPhase section */
		B0880C912B28FB9F00B4DA8A /* Resources */ = {
			isa = PBXResourcesBuildPhase;
			buildActionMask = 2147483647;
			files = (
				B0880CA02B28FBA000B4DA8A /* Preview Assets.xcassets in Resources */,
				B0880C9D2B28FBA000B4DA8A /* Assets.xcassets in Resources */,
			);
			runOnlyForDeploymentPostprocessing = 0;
		};
		B0880CA42B28FBA000B4DA8A /* Resources */ = {
			isa = PBXResourcesBuildPhase;
			buildActionMask = 2147483647;
			files = (
			);
			runOnlyForDeploymentPostprocessing = 0;
		};
		B0880CAE2B28FBA000B4DA8A /* Resources */ = {
			isa = PBXResourcesBuildPhase;
			buildActionMask = 2147483647;
			files = (
			);
			runOnlyForDeploymentPostprocessing = 0;
		};
/* End PBXResourcesBuildPhase section */

/* Begin PBXSourcesBuildPhase section */
		B0880C8F2B28FB9F00B4DA8A /* Sources */ = {
			isa = PBXSourcesBuildPhase;
			buildActionMask = 2147483647;
			files = (
				B0880C992B28FB9F00B4DA8A /* ContentView.swift in Sources */,
				B0880C9B2B28FB9F00B4DA8A /* Item.swift in Sources */,
				B0880C972B28FB9F00B4DA8A /* mindPlanner_CopyApp.swift in Sources */,
			);
			runOnlyForDeploymentPostprocessing = 0;
		};
		B0880CA22B28FBA000B4DA8A /* Sources */ = {
			isa = PBXSourcesBuildPhase;
			buildActionMask = 2147483647;
			files = (
				B0880CAB2B28FBA000B4DA8A /* mindPlanner_CopyTests.swift in Sources */,
			);
			runOnlyForDeploymentPostprocessing = 0;
		};
		B0880CAC2B28FBA000B4DA8A /* Sources */ = {
			isa = PBXSourcesBuildPhase;
			buildActionMask = 2147483647;
			files = (
				B0880CB72B28FBA000B4DA8A /* mindPlanner_CopyUITestsLaunchTests.swift in Sources */,
				B0880CB52B28FBA000B4DA8A /* mindPlanner_CopyUITests.swift in Sources */,
			);
			runOnlyForDeploymentPostprocessing = 0;
		};
/* End PBXSourcesBuildPhase section */

/* Begin PBXTargetDependency section */
		B0880CA82B28FBA000B4DA8A /* PBXTargetDependency */ = {
			isa = PBXTargetDependency;
			target = B0880C922B28FB9F00B4DA8A /* mindPlanner-Copy */;
			targetProxy = B0880CA72B28FBA000B4DA8A /* PBXContainerItemProxy */;
		};
		B0880CB22B28FBA000B4DA8A /* PBXTargetDependency */ = {
			isa = PBXTargetDependency;
			target = B0880C922B28FB9F00B4DA8A /* mindPlanner-Copy */;
			targetProxy = B0880CB12B28FBA000B4DA8A /* PBXContainerItemProxy */;
		};
/* End PBXTargetDependency section */

/* Begin XCBuildConfiguration section */
		B0880CB82B28FBA000B4DA8A /* Debug */ = {
			isa = XCBuildConfiguration;
			buildSettings = {
				ALWAYS_SEARCH_USER_PATHS = NO;
				ASSETCATALOG_COMPILER_GENERATE_SWIFT_ASSET_SYMBOL_EXTENSIONS = YES;
				CLANG_ANALYZER_NONNULL = YES;
				CLANG_ANALYZER_NUMBER_OBJECT_CONVERSION = YES_AGGRESSIVE;
				CLANG_CXX_LANGUAGE_STANDARD = "gnu++20";
				CLANG_ENABLE_MODULES = YES;
				CLANG_ENABLE_OBJC_ARC = YES;
				CLANG_ENABLE_OBJC_WEAK = YES;
				CLANG_WARN_BLOCK_CAPTURE_AUTORELEASING = YES;
				CLANG_WARN_BOOL_CONVERSION = YES;
				CLANG_WARN_COMMA = YES;
				CLANG_WARN_CONSTANT_CONVERSION = YES;
				CLANG_WARN_DEPRECATED_OBJC_IMPLEMENTATIONS = YES;
				CLANG_WARN_DIRECT_OBJC_ISA_USAGE = YES_ERROR;
				CLANG_WARN_DOCUMENTATION_COMMENTS = YES;
				CLANG_WARN_EMPTY_BODY = YES;
				CLANG_WARN_ENUM_CONVERSION = YES;
				CLANG_WARN_INFINITE_RECURSION = YES;
				CLANG_WARN_INT_CONVERSION = YES;
				CLANG_WARN_NON_LITERAL_NULL_CONVERSION = YES;
				CLANG_WARN_OBJC_IMPLICIT_RETAIN_SELF = YES;
				CLANG_WARN_OBJC_LITERAL_CONVERSION = YES;
				CLANG_WARN_OBJC_ROOT_CLASS = YES_ERROR;
				CLANG_WARN_QUOTED_INCLUDE_IN_FRAMEWORK_HEADER = YES;
				CLANG_WARN_RANGE_LOOP_ANALYSIS = YES;
				CLANG_WARN_STRICT_PROTOTYPES = YES;
				CLANG_WARN_SUSPICIOUS_MOVE = YES;
				CLANG_WARN_UNGUARDED_AVAILABILITY = YES_AGGRESSIVE;
				CLANG_WARN_UNREACHABLE_CODE = YES;
				CLANG_WARN__DUPLICATE_METHOD_MATCH = YES;
				COPY_PHASE_STRIP = NO;
				DEBUG_INFORMATION_FORMAT = dwarf;
				ENABLE_STRICT_OBJC_MSGSEND = YES;
				ENABLE_TESTABILITY = YES;
				ENABLE_USER_SCRIPT_SANDBOXING = YES;
				GCC_C_LANGUAGE_STANDARD = gnu17;
				GCC_DYNAMIC_NO_PIC = NO;
				GCC_NO_COMMON_BLOCKS = YES;
				GCC_OPTIMIZATION_LEVEL = 0;
				GCC_PREPROCESSOR_DEFINITIONS = (
					"DEBUG=1",
					"$(inherited)",
				);
				GCC_WARN_64_TO_32_BIT_CONVERSION = YES;
				GCC_WARN_ABOUT_RETURN_TYPE = YES_ERROR;
				GCC_WARN_UNDECLARED_SELECTOR = YES;
				GCC_WARN_UNINITIALIZED_AUTOS = YES_AGGRESSIVE;
				GCC_WARN_UNUSED_FUNCTION = YES;
				GCC_WARN_UNUSED_VARIABLE = YES;
				IPHONEOS_DEPLOYMENT_TARGET = 17.0;
				LOCALIZATION_PREFERS_STRING_CATALOGS = YES;
				MTL_ENABLE_DEBUG_INFO = INCLUDE_SOURCE;
				MTL_FAST_MATH = YES;
				ONLY_ACTIVE_ARCH = YES;
				SDKROOT = iphoneos;
				SWIFT_ACTIVE_COMPILATION_CONDITIONS = "DEBUG $(inherited)";
				SWIFT_OPTIMIZATION_LEVEL = "-Onone";
			};
			name = Debug;
		};
		B0880CB92B28FBA000B4DA8A /* Release */ = {
			isa = XCBuildConfiguration;
			buildSettings = {
				ALWAYS_SEARCH_USER_PATHS = NO;
				ASSETCATALOG_COMPILER_GENERATE_SWIFT_ASSET_SYMBOL_EXTENSIONS = YES;
				CLANG_ANALYZER_NONNULL = YES;
				CLANG_ANALYZER_NUMBER_OBJECT_CONVERSION = YES_AGGRESSIVE;
				CLANG_CXX_LANGUAGE_STANDARD = "gnu++20";
				CLANG_ENABLE_MODULES = YES;
				CLANG_ENABLE_OBJC_ARC = YES;
				CLANG_ENABLE_OBJC_WEAK = YES;
				CLANG_WARN_BLOCK_CAPTURE_AUTORELEASING = YES;
				CLANG_WARN_BOOL_CONVERSION = YES;
				CLANG_WARN_COMMA = YES;
				CLANG_WARN_CONSTANT_CONVERSION = YES;
				CLANG_WARN_DEPRECATED_OBJC_IMPLEMENTATIONS = YES;
				CLANG_WARN_DIRECT_OBJC_ISA_USAGE = YES_ERROR;
				CLANG_WARN_DOCUMENTATION_COMMENTS = YES;
				CLANG_WARN_EMPTY_BODY = YES;
				CLANG_WARN_ENUM_CONVERSION = YES;
				CLANG_WARN_INFINITE_RECURSION = YES;
				CLANG_WARN_INT_CONVERSION = YES;
				CLANG_WARN_NON_LITERAL_NULL_CONVERSION = YES;
				CLANG_WARN_OBJC_IMPLICIT_RETAIN_SELF = YES;
				CLANG_WARN_OBJC_LITERAL_CONVERSION = YES;
				CLANG_WARN_OBJC_ROOT_CLASS = YES_ERROR;
				CLANG_WARN_QUOTED_INCLUDE_IN_FRAMEWORK_HEADER = YES;
				CLANG_WARN_RANGE_LOOP_ANALYSIS = YES;
				CLANG_WARN_STRICT_PROTOTYPES = YES;
				CLANG_WARN_SUSPICIOUS_MOVE = YES;
				CLANG_WARN_UNGUARDED_AVAILABILITY = YES_AGGRESSIVE;
				CLANG_WARN_UNREACHABLE_CODE = YES;
				CLANG_WARN__DUPLICATE_METHOD_MATCH = YES;
				COPY_PHASE_STRIP = NO;
				DEBUG_INFORMATION_FORMAT = "dwarf-with-dsym";
				ENABLE_NS_ASSERTIONS = NO;
				ENABLE_STRICT_OBJC_MSGSEND = YES;
				ENABLE_USER_SCRIPT_SANDBOXING = YES;
				GCC_C_LANGUAGE_STANDARD = gnu17;
				GCC_NO_COMMON_BLOCKS = YES;
				GCC_WARN_64_TO_32_BIT_CONVERSION = YES;
				GCC_WARN_ABOUT_RETURN_TYPE = YES_ERROR;
				GCC_WARN_UNDECLARED_SELECTOR = YES;
				GCC_WARN_UNINITIALIZED_AUTOS = YES_AGGRESSIVE;
				GCC_WARN_UNUSED_FUNCTION = YES;
				GCC_WARN_UNUSED_VARIABLE = YES;
				IPHONEOS_DEPLOYMENT_TARGET = 17.0;
				LOCALIZATION_PREFERS_STRING_CATALOGS = YES;
				MTL_ENABLE_DEBUG_INFO = NO;
				MTL_FAST_MATH = YES;
				SDKROOT = iphoneos;
				SWIFT_COMPILATION_MODE = wholemodule;
				VALIDATE_PRODUCT = YES;
			};
			name = Release;
		};
		B0880CBB2B28FBA000B4DA8A /* Debug */ = {
			isa = XCBuildConfiguration;
			buildSettings = {
				ASSETCATALOG_COMPILER_APPICON_NAME = AppIcon;
				ASSETCATALOG_COMPILER_GLOBAL_ACCENT_COLOR_NAME = AccentColor;
				CODE_SIGN_STYLE = Automatic;
				CURRENT_PROJECT_VERSION = 1;
				DEVELOPMENT_ASSET_PATHS = "\"mindPlanner-Copy/Preview Content\"";
				DEVELOPMENT_TEAM = B66HUA247Z;
				ENABLE_PREVIEWS = YES;
				GENERATE_INFOPLIST_FILE = YES;
				INFOPLIST_FILE = "mindPlanner-Copy/Info.plist";
				INFOPLIST_KEY_UIApplicationSceneManifest_Generation = YES;
				INFOPLIST_KEY_UIApplicationSupportsIndirectInputEvents = YES;
				INFOPLIST_KEY_UILaunchScreen_Generation = YES;
				INFOPLIST_KEY_UISupportedInterfaceOrientations_iPad = "UIInterfaceOrientationPortrait UIInterfaceOrientationPortraitUpsideDown UIInterfaceOrientationLandscapeLeft UIInterfaceOrientationLandscapeRight";
				INFOPLIST_KEY_UISupportedInterfaceOrientations_iPhone = "UIInterfaceOrientationPortrait UIInterfaceOrientationLandscapeLeft UIInterfaceOrientationLandscapeRight";
				INFOPLIST_KEY_UISupportsDocumentBrowser = YES;
				LD_RUNPATH_SEARCH_PATHS = (
					"$(inherited)",
					"@executable_path/Frameworks",
				);
				MARKETING_VERSION = 1.0;
				PRODUCT_BUNDLE_IDENTIFIER = "SaxionStudent.mindPlanner-Copy";
				PRODUCT_NAME = "$(TARGET_NAME)";
				SWIFT_EMIT_LOC_STRINGS = YES;
				SWIFT_VERSION = 5.0;
				TARGETED_DEVICE_FAMILY = "1,2";
			};
			name = Debug;
		};
		B0880CBC2B28FBA000B4DA8A /* Release */ = {
			isa = XCBuildConfiguration;
			buildSettings = {
				ASSETCATALOG_COMPILER_APPICON_NAME = AppIcon;
				ASSETCATALOG_COMPILER_GLOBAL_ACCENT_COLOR_NAME = AccentColor;
				CODE_SIGN_STYLE = Automatic;
				CURRENT_PROJECT_VERSION = 1;
				DEVELOPMENT_ASSET_PATHS = "\"mindPlanner-Copy/Preview Content\"";
				DEVELOPMENT_TEAM = B66HUA247Z;
				ENABLE_PREVIEWS = YES;
				GENERATE_INFOPLIST_FILE = YES;
				INFOPLIST_FILE = "mindPlanner-Copy/Info.plist";
				INFOPLIST_KEY_UIApplicationSceneManifest_Generation = YES;
				INFOPLIST_KEY_UIApplicationSupportsIndirectInputEvents = YES;
				INFOPLIST_KEY_UILaunchScreen_Generation = YES;
				INFOPLIST_KEY_UISupportedInterfaceOrientations_iPad = "UIInterfaceOrientationPortrait UIInterfaceOrientationPortraitUpsideDown UIInterfaceOrientationLandscapeLeft UIInterfaceOrientationLandscapeRight";
				INFOPLIST_KEY_UISupportedInterfaceOrientations_iPhone = "UIInterfaceOrientationPortrait UIInterfaceOrientationLandscapeLeft UIInterfaceOrientationLandscapeRight";
				INFOPLIST_KEY_UISupportsDocumentBrowser = YES;
				LD_RUNPATH_SEARCH_PATHS = (
					"$(inherited)",
					"@executable_path/Frameworks",
				);
				MARKETING_VERSION = 1.0;
				PRODUCT_BUNDLE_IDENTIFIER = "SaxionStudent.mindPlanner-Copy";
				PRODUCT_NAME = "$(TARGET_NAME)";
				SWIFT_EMIT_LOC_STRINGS = YES;
				SWIFT_VERSION = 5.0;
				TARGETED_DEVICE_FAMILY = "1,2";
			};
			name = Release;
		};
		B0880CBE2B28FBA000B4DA8A /* Debug */ = {
			isa = XCBuildConfiguration;
			buildSettings = {
				ALWAYS_EMBED_SWIFT_STANDARD_LIBRARIES = YES;
				BUNDLE_LOADER = "$(TEST_HOST)";
				CODE_SIGN_STYLE = Automatic;
				CURRENT_PROJECT_VERSION = 1;
				DEVELOPMENT_TEAM = B66HUA247Z;
				GENERATE_INFOPLIST_FILE = YES;
				IPHONEOS_DEPLOYMENT_TARGET = 17.0;
				MARKETING_VERSION = 1.0;
				PRODUCT_BUNDLE_IDENTIFIER = "SaxionStudent.mindPlanner-CopyTests";
				PRODUCT_NAME = "$(TARGET_NAME)";
				SWIFT_EMIT_LOC_STRINGS = NO;
				SWIFT_VERSION = 5.0;
				TARGETED_DEVICE_FAMILY = "1,2";
				TEST_HOST = "$(BUILT_PRODUCTS_DIR)/mindPlanner-Copy.app/$(BUNDLE_EXECUTABLE_FOLDER_PATH)/mindPlanner-Copy";
			};
			name = Debug;
		};
		B0880CBF2B28FBA000B4DA8A /* Release */ = {
			isa = XCBuildConfiguration;
			buildSettings = {
				ALWAYS_EMBED_SWIFT_STANDARD_LIBRARIES = YES;
				BUNDLE_LOADER = "$(TEST_HOST)";
				CODE_SIGN_STYLE = Automatic;
				CURRENT_PROJECT_VERSION = 1;
				DEVELOPMENT_TEAM = B66HUA247Z;
				GENERATE_INFOPLIST_FILE = YES;
				IPHONEOS_DEPLOYMENT_TARGET = 17.0;
				MARKETING_VERSION = 1.0;
				PRODUCT_BUNDLE_IDENTIFIER = "SaxionStudent.mindPlanner-CopyTests";
				PRODUCT_NAME = "$(TARGET_NAME)";
				SWIFT_EMIT_LOC_STRINGS = NO;
				SWIFT_VERSION = 5.0;
				TARGETED_DEVICE_FAMILY = "1,2";
				TEST_HOST = "$(BUILT_PRODUCTS_DIR)/mindPlanner-Copy.app/$(BUNDLE_EXECUTABLE_FOLDER_PATH)/mindPlanner-Copy";
			};
			name = Release;
		};
		B0880CC12B28FBA000B4DA8A /* Debug */ = {
			isa = XCBuildConfiguration;
			buildSettings = {
				ALWAYS_EMBED_SWIFT_STANDARD_LIBRARIES = YES;
				CODE_SIGN_STYLE = Automatic;
				CURRENT_PROJECT_VERSION = 1;
				DEVELOPMENT_TEAM = B66HUA247Z;
				GENERATE_INFOPLIST_FILE = YES;
				MARKETING_VERSION = 1.0;
				PRODUCT_BUNDLE_IDENTIFIER = "SaxionStudent.mindPlanner-CopyUITests";
				PRODUCT_NAME = "$(TARGET_NAME)";
				SWIFT_EMIT_LOC_STRINGS = NO;
				SWIFT_VERSION = 5.0;
				TARGETED_DEVICE_FAMILY = "1,2";
				TEST_TARGET_NAME = "mindPlanner-Copy";
			};
			name = Debug;
		};
		B0880CC22B28FBA000B4DA8A /* Release */ = {
			isa = XCBuildConfiguration;
			buildSettings = {
				ALWAYS_EMBED_SWIFT_STANDARD_LIBRARIES = YES;
				CODE_SIGN_STYLE = Automatic;
				CURRENT_PROJECT_VERSION = 1;
				DEVELOPMENT_TEAM = B66HUA247Z;
				GENERATE_INFOPLIST_FILE = YES;
				MARKETING_VERSION = 1.0;
				PRODUCT_BUNDLE_IDENTIFIER = "SaxionStudent.mindPlanner-CopyUITests";
				PRODUCT_NAME = "$(TARGET_NAME)";
				SWIFT_EMIT_LOC_STRINGS = NO;
				SWIFT_VERSION = 5.0;
				TARGETED_DEVICE_FAMILY = "1,2";
				TEST_TARGET_NAME = "mindPlanner-Copy";
			};
			name = Release;
		};
/* End XCBuildConfiguration section */

/* Begin XCConfigurationList section */
		B0880C8E2B28FB9F00B4DA8A /* Build configuration list for PBXProject "mindPlanner-Copy" */ = {
			isa = XCConfigurationList;
			buildConfigurations = (
				B0880CB82B28FBA000B4DA8A /* Debug */,
				B0880CB92B28FBA000B4DA8A /* Release */,
			);
			defaultConfigurationIsVisible = 0;
			defaultConfigurationName = Release;
		};
		B0880CBA2B28FBA000B4DA8A /* Build configuration list for PBXNativeTarget "mindPlanner-Copy" */ = {
			isa = XCConfigurationList;
			buildConfigurations = (
				B0880CBB2B28FBA000B4DA8A /* Debug */,
				B0880CBC2B28FBA000B4DA8A /* Release */,
			);
			defaultConfigurationIsVisible = 0;
			defaultConfigurationName = Release;
		};
		B0880CBD2B28FBA000B4DA8A /* Build configuration list for PBXNativeTarget "mindPlanner-CopyTests" */ = {
			isa = XCConfigurationList;
			buildConfigurations = (
				B0880CBE2B28FBA000B4DA8A /* Debug */,
				B0880CBF2B28FBA000B4DA8A /* Release */,
			);
			defaultConfigurationIsVisible = 0;
			defaultConfigurationName = Release;
		};
		B0880CC02B28FBA000B4DA8A /* Build configuration list for PBXNativeTarget "mindPlanner-CopyUITests" */ = {
			isa = XCConfigurationList;
			buildConfigurations = (
				B0880CC12B28FBA000B4DA8A /* Debug */,
				B0880CC22B28FBA000B4DA8A /* Release */,
			);
			defaultConfigurationIsVisible = 0;
			defaultConfigurationName = Release;
		};
/* End XCConfigurationList section */
	};
	rootObject = B0880C8B2B28FB9F00B4DA8A /* Project object */;
}
